{
  "name": "authentification",
  "version": "0.0.1",
  "lockfileVersion": 1,
  "requires": true,
  "dependencies": {
    "@auth0/angular-jwt": {
      "version": "5.0.1",
      "resolved": "https://registry.npmjs.org/@auth0/angular-jwt/-/angular-jwt-5.0.1.tgz",
      "integrity": "sha512-djllMh6rthPscEj5n5T9zF223q8t+sDqnUuAYTJjdKoHvMAzYwwi2yP67HbojqjODG4ZLFAcPtRuzGgp+r7nDQ==",
      "requires": {
        "tslib": "^2.0.0"
      },
      "dependencies": {
        "tslib": {
          "version": "2.0.3",
          "resolved": "https://registry.npmjs.org/tslib/-/tslib-2.0.3.tgz",
          "integrity": "sha512-uZtkfKblCEQtZKBF6EBXVZeQNl82yqtDQdv+eck8u7tdPxjLu2/lp5/uPW+um2tpuxINHWy3GhiccY7QgEaVHQ=="
        }
      }
    },
    "ngx-cookie-service": {
      "version": "10.1.1",
      "resolved": "https://registry.npmjs.org/ngx-cookie-service/-/ngx-cookie-service-10.1.1.tgz",
      "integrity": "sha512-HvBrYHdxMN1NvFJGEIF/8EuAg2fjxj8QwqTv9h6qZGqNLU+lUba8Pb2zRPw1YA+gqKkJawOy5dYNeH0kyPyipw==",
      "requires": {
        "tslib": "^2.0.0"
      },
      "dependencies": {
        "tslib": {
          "version": "2.0.3",
          "resolved": "https://registry.npmjs.org/tslib/-/tslib-2.0.3.tgz",
          "integrity": "sha512-uZtkfKblCEQtZKBF6EBXVZeQNl82yqtDQdv+eck8u7tdPxjLu2/lp5/uPW+um2tpuxINHWy3GhiccY7QgEaVHQ=="
        }
      }
    }
  }
}
